
Microsoft Visual Studio Solution File, Format Version 12.00
# Visual Studio 15
VisualStudioVersion = 15.0.28307.168
MinimumVisualStudioVersion = 10.0.40219.1
Project("{FAE04EC0-301F-11D3-BF4B-00C04F79EFBC}") = "LanguageLearner", "LanguageLearner\LanguageLearner.csproj", "{830EFEC3-9E19-453B-82FF-2C7729B384EB}"
EndProject
Global
	GlobalSection(SolutionConfigurationPlatforms) = preSolution
		Debug|Any CPU = Debug|Any CPU
		Release|Any CPU = Release|Any CPU
	EndGlobalSection
	GlobalSection(ProjectConfigurationPlatforms) = postSolution
		{830EFEC3-9E19-453B-82FF-2C7729B384EB}.Debug|Any CPU.ActiveCfg = Debug|Any CPU
		{830EFEC3-9E19-453B-82FF-2C7729B384EB}.Debug|Any CPU.Build.0 = Debug|Any CPU
		{830EFEC3-9E19-453B-82FF-2C7729B384EB}.Release|Any CPU.ActiveCfg = Release|Any CPU
		{830EFEC3-9E19-453B-82FF-2C7729B384EB}.Release|Any CPU.Build.0 = Release|Any CPU
	EndGlobalSection
	GlobalSection(SolutionProperties) = preSolution
		HideSolutionNode = FALSE
	EndGlobalSection
	GlobalSection(ExtensibilityGlobals) = postSolution
		SolutionGuid = {1EBD4DA1-E8EA-40FA-A39D-8E2D088B5E19}
	EndGlobalSection
	GlobalSection(TeamFoundationVersionControl) = preSolution
		SccNumberOfProjects = 2
		SccEnterpriseProvider = {4CA58AB2-18FA-4F8D-95D4-32DDF27D184C}
		SccTeamFoundationServer = https://ksdmahesh.visualstudio.com/
		SccLocalPath0 = .
		SccProjectUniqueName1 = LanguageLearner\\LanguageLearner.csproj
		SccProjectName1 = LanguageLearner
		SccLocalPath1 = LanguageLearner
	EndGlobalSection
EndGlobal
